
Microsoft Visual Studio Solution File, Format Version 12.00
# Visual Studio Version 17
VisualStudioVersion = 17.14.36616.10 d17.14
MinimumVisualStudioVersion = 10.0.40219.1
Project("{FAE04EC0-301F-11D3-BF4B-00C04F79EFBC}") = "bd3", "bd3\bd3.csproj", "{CD325FFD-10F8-4D71-9115-7700D895A49E}"
EndProject
Global
	GlobalSection(SolutionConfigurationPlatforms) = preSolution
		Debug|Any CPU = Debug|Any CPU
		Release|Any CPU = Release|Any CPU
	EndGlobalSection
	GlobalSection(ProjectConfigurationPlatforms) = postSolution
		{CD325FFD-10F8-4D71-9115-7700D895A49E}.Debug|Any CPU.ActiveCfg = Debug|Any CPU
		{CD325FFD-10F8-4D71-9115-7700D895A49E}.Debug|Any CPU.Build.0 = Debug|Any CPU
		{CD325FFD-10F8-4D71-9115-7700D895A49E}.Release|Any CPU.ActiveCfg = Release|Any CPU
		{CD325FFD-10F8-4D71-9115-7700D895A49E}.Release|Any CPU.Build.0 = Release|Any CPU
	EndGlobalSection
	GlobalSection(SolutionProperties) = preSolution
		HideSolutionNode = FALSE
	EndGlobalSection
	GlobalSection(ExtensibilityGlobals) = postSolution
		SolutionGuid = {FAF12087-6F92-4248-BAD4-1779ED4D90B2}
	EndGlobalSection
EndGlobal
